
Microsoft Visual Studio Solution File, Format Version 12.00
# Visual Studio Version 17
VisualStudioVersion = 17.6.33829.357
MinimumVisualStudioVersion = 10.0.40219.1
Project("{9A19103F-16F7-4668-BE54-9A1E7A4F7556}") = "MyXafSolution.Module", "MyXafSolution.Module\MyXafSolution.Module.csproj", "{26DAB76D-AF23-4C09-88E5-DDDDC225C299}"
EndProject
Project("{9A19103F-16F7-4668-BE54-9A1E7A4F7556}") = "MyXafSolution.Win", "MyXafSolution.Win\MyXafSolution.Win.csproj", "{8D1B7CD6-BF90-4185-A4FF-9563F99541AA}"
EndProject
Project("{9A19103F-16F7-4668-BE54-9A1E7A4F7556}") = "MyXafSolution.Blazor.Server", "MyXafSolution.Blazor.Server\MyXafSolution.Blazor.Server.csproj", "{A828125A-FEFE-4D52-B0A5-2673079B2D4E}"
EndProject
Project("{9A19103F-16F7-4668-BE54-9A1E7A4F7556}") = "MyXafSolution.E2E.Tests", "MyXafSolution.E2E.Tests\MyXafSolution.E2E.Tests.csproj", "{9E89E230-B9D9-40ED-B938-013EB652FCCF}"
EndProject
Global
	GlobalSection(SolutionConfigurationPlatforms) = preSolution
		Debug|Any CPU = Debug|Any CPU
		EasyTest|Any CPU = EasyTest|Any CPU
		Release|Any CPU = Release|Any CPU
	EndGlobalSection
	GlobalSection(ProjectConfigurationPlatforms) = postSolution
		{26DAB76D-AF23-4C09-88E5-DDDDC225C299}.Debug|Any CPU.ActiveCfg = Debug|Any CPU
		{26DAB76D-AF23-4C09-88E5-DDDDC225C299}.Debug|Any CPU.Build.0 = Debug|Any CPU
		{26DAB76D-AF23-4C09-88E5-DDDDC225C299}.EasyTest|Any CPU.ActiveCfg = EasyTest|Any CPU
		{26DAB76D-AF23-4C09-88E5-DDDDC225C299}.EasyTest|Any CPU.Build.0 = EasyTest|Any CPU
		{26DAB76D-AF23-4C09-88E5-DDDDC225C299}.Release|Any CPU.ActiveCfg = Release|Any CPU
		{26DAB76D-AF23-4C09-88E5-DDDDC225C299}.Release|Any CPU.Build.0 = Release|Any CPU
		{8D1B7CD6-BF90-4185-A4FF-9563F99541AA}.Debug|Any CPU.ActiveCfg = Debug|Any CPU
		{8D1B7CD6-BF90-4185-A4FF-9563F99541AA}.Debug|Any CPU.Build.0 = Debug|Any CPU
		{8D1B7CD6-BF90-4185-A4FF-9563F99541AA}.EasyTest|Any CPU.ActiveCfg = EasyTest|Any CPU
		{8D1B7CD6-BF90-4185-A4FF-9563F99541AA}.EasyTest|Any CPU.Build.0 = EasyTest|Any CPU
		{8D1B7CD6-BF90-4185-A4FF-9563F99541AA}.Release|Any CPU.ActiveCfg = Release|Any CPU
		{8D1B7CD6-BF90-4185-A4FF-9563F99541AA}.Release|Any CPU.Build.0 = Release|Any CPU
		{A828125A-FEFE-4D52-B0A5-2673079B2D4E}.Debug|Any CPU.ActiveCfg = Debug|Any CPU
		{A828125A-FEFE-4D52-B0A5-2673079B2D4E}.Debug|Any CPU.Build.0 = Debug|Any CPU
		{A828125A-FEFE-4D52-B0A5-2673079B2D4E}.EasyTest|Any CPU.ActiveCfg = EasyTest|Any CPU
		{A828125A-FEFE-4D52-B0A5-2673079B2D4E}.EasyTest|Any CPU.Build.0 = EasyTest|Any CPU
		{A828125A-FEFE-4D52-B0A5-2673079B2D4E}.Release|Any CPU.ActiveCfg = Release|Any CPU
		{A828125A-FEFE-4D52-B0A5-2673079B2D4E}.Release|Any CPU.Build.0 = Release|Any CPU
		{9E89E230-B9D9-40ED-B938-013EB652FCCF}.Debug|Any CPU.ActiveCfg = Debug|Any CPU
		{9E89E230-B9D9-40ED-B938-013EB652FCCF}.Debug|Any CPU.Build.0 = Debug|Any CPU
		{9E89E230-B9D9-40ED-B938-013EB652FCCF}.EasyTest|Any CPU.ActiveCfg = EasyTest|Any CPU
		{9E89E230-B9D9-40ED-B938-013EB652FCCF}.EasyTest|Any CPU.Build.0 = EasyTest|Any CPU
		{9E89E230-B9D9-40ED-B938-013EB652FCCF}.Release|Any CPU.ActiveCfg = Release|Any CPU
		{9E89E230-B9D9-40ED-B938-013EB652FCCF}.Release|Any CPU.Build.0 = Release|Any CPU
	EndGlobalSection
	GlobalSection(SolutionProperties) = preSolution
		HideSolutionNode = FALSE
	EndGlobalSection
EndGlobal
